
Microsoft Visual Studio Solution File, Format Version 12.00
# Visual Studio Version 16
VisualStudioVersion = 16.0.31410.357
MinimumVisualStudioVersion = 10.0.40219.1
Project("{FAE04EC0-301F-11D3-BF4B-00C04F79EFBC}") = "ConsoleToWebApi", "ConsoleToWebApi\ConsoleToWebApi.csproj", "{369DBEAB-09AF-4867-A115-76D316956B1D}"
EndProject
Global
	GlobalSection(SolutionConfigurationPlatforms) = preSolution
		Debug|Any CPU = Debug|Any CPU
		Release|Any CPU = Release|Any CPU
	EndGlobalSection
	GlobalSection(ProjectConfigurationPlatforms) = postSolution
		{369DBEAB-09AF-4867-A115-76D316956B1D}.Debug|Any CPU.ActiveCfg = Debug|Any CPU
		{369DBEAB-09AF-4867-A115-76D316956B1D}.Debug|Any CPU.Build.0 = Debug|Any CPU
		{369DBEAB-09AF-4867-A115-76D316956B1D}.Release|Any CPU.ActiveCfg = Release|Any CPU
		{369DBEAB-09AF-4867-A115-76D316956B1D}.Release|Any CPU.Build.0 = Release|Any CPU
	EndGlobalSection
	GlobalSection(SolutionProperties) = preSolution
		HideSolutionNode = FALSE
	EndGlobalSection
	GlobalSection(ExtensibilityGlobals) = postSolution
		SolutionGuid = {5B7C5B09-6DD0-4E4F-A309-675A060E5103}
	EndGlobalSection
EndGlobal
